# This file is generated by running "yarn install" inside your project.
# Manual changes might be lost - proceed with caution!

__metadata:
  version: 8
  cacheKey: 10c0

"@alloc/quick-lru@npm:^5.2.0":
  version: 5.2.0
  resolution: "@alloc/quick-lru@npm:5.2.0"
  checksum: 10c0/7b878c48b9d25277d0e1a9b8b2f2312a314af806b4129dc902f2bc29ab09b58236e53964689feec187b28c80d2203aff03829754773a707a8a5987f1b7682d92
  languageName: node
  linkType: hard

"@emnapi/core@npm:^1.7.1":
  version: 1.8.1
  resolution: "@emnapi/core@npm:1.8.1"
  dependencies:
    "@emnapi/wasi-threads": "npm:1.1.0"
    tslib: "npm:^2.4.0"
  checksum: 10c0/2c242f4b49779bac403e1cbcc98edacdb1c8ad36562408ba9a20663824669e930bc8493be46a2522d9dc946b8d96cd7073970bae914928c7671b5221c85b432e
  languageName: node
  linkType: hard

"@emnapi/runtime@npm:^1.7.1":
  version: 1.8.1
  resolution: "@emnapi/runtime@npm:1.8.1"
  dependencies:
    tslib: "npm:^2.4.0"
  checksum: 10c0/f4929d75e37aafb24da77d2f58816761fe3f826aad2e37fa6d4421dac9060cbd5098eea1ac3c9ecc4526b89deb58153852fa432f87021dc57863f2ff726d713f
  languageName: node
  linkType: hard

"@emnapi/wasi-threads@npm:1.1.0, @emnapi/wasi-threads@npm:^1.1.0":
  version: 1.1.0
  resolution: "@emnapi/wasi-threads@npm:1.1.0"
  dependencies:
    tslib: "npm:^2.4.0"
  checksum: 10c0/e6d54bf2b1e64cdd83d2916411e44e579b6ae35d5def0dea61a3c452d9921373044dff32a8b8473ae60c80692bdc39323e98b96a3f3d87ba6886b24dd0ef7ca1
  languageName: node
  linkType: hard

"@esbuild/aix-ppc64@npm:0.21.5":
  version: 0.21.5
  resolution: "@esbuild/aix-ppc64@npm:0.21.5"
  conditions: os=aix & cpu=ppc64
  languageName: node
  linkType: hard

"@esbuild/android-arm64@npm:0.21.5":
  version: 0.21.5
  resolution: "@esbuild/android-arm64@npm:0.21.5"
  conditions: os=android & cpu=arm64
  languageName: node
  linkType: hard

"@esbuild/android-arm@npm:0.21.5":
  version: 0.21.5
  resolution: "@esbuild/android-arm@npm:0.21.5"
  conditions: os=android & cpu=arm
  languageName: node
  linkType: hard

"@esbuild/android-x64@npm:0.21.5":
  version: 0.21.5
  resolution: "@esbuild/android-x64@npm:0.21.5"
  conditions: os=android & cpu=x64
  languageName: node
  linkType: hard

"@esbuild/darwin-arm64@npm:0.21.5":
  version: 0.21.5
  resolution: "@esbuild/darwin-arm64@npm:0.21.5"
  conditions: os=darwin & cpu=arm64
  languageName: node
  linkType: hard

"@esbuild/darwin-x64@npm:0.21.5":
  version: 0.21.5
  resolution: "@esbuild/darwin-x64@npm:0.21.5"
  conditions: os=darwin & cpu=x64
  languageName: node
  linkType: hard

"@esbuild/freebsd-arm64@npm:0.21.5":
  version: 0.21.5
  resolution: "@esbuild/freebsd-arm64@npm:0.21.5"
  conditions: os=freebsd & cpu=arm64
  languageName: node
  linkType: hard

"@esbuild/freebsd-x64@npm:0.21.5":
  version: 0.21.5
  resolution: "@esbuild/freebsd-x64@npm:0.21.5"
  conditions: os=freebsd & cpu=x64
  languageName: node
  linkType: hard

"@esbuild/linux-arm64@npm:0.21.5":
  version: 0.21.5
  resolution: "@esbuild/linux-arm64@npm:0.21.5"
  conditions: os=linux & cpu=arm64
  languageName: node
  linkType: hard

"@esbuild/linux-arm@npm:0.21.5":
  version: 0.21.5
  resolution: "@esbuild/linux-arm@npm:0.21.5"
  conditions: os=linux & cpu=arm
  languageName: node
  linkType: hard

"@esbuild/linux-ia32@npm:0.21.5":
  version: 0.21.5
  resolution: "@esbuild/linux-ia32@npm:0.21.5"
  conditions: os=linux & cpu=ia32
  languageName: node
  linkType: hard

"@esbuild/linux-loong64@npm:0.21.5":
  version: 0.21.5
  resolution: "@esbuild/linux-loong64@npm:0.21.5"
  conditions: os=linux & cpu=loong64
  languageName: node
  linkType: hard

"@esbuild/linux-mips64el@npm:0.21.5":
  version: 0.21.5
  resolution: "@esbuild/linux-mips64el@npm:0.21.5"
  conditions: os=linux & cpu=mips64el
  languageName: node
  linkType: hard

"@esbuild/linux-ppc64@npm:0.21.5":
  version: 0.21.5
  resolution: "@esbuild/linux-ppc64@npm:0.21.5"
  conditions: os=linux & cpu=ppc64
  languageName: node
  linkType: hard

"@esbuild/linux-riscv64@npm:0.21.5":
  version: 0.21.5
  resolution: "@esbuild/linux-riscv64@npm:0.21.5"
  conditions: os=linux & cpu=riscv64
  languageName: node
  linkType: hard

"@esbuild/linux-s390x@npm:0.21.5":
  version: 0.21.5
  resolution: "@esbuild/linux-s390x@npm:0.21.5"
  conditions: os=linux & cpu=s390x
  languageName: node
  linkType: hard

"@esbuild/linux-x64@npm:0.21.5":
  version: 0.21.5
  resolution: "@esbuild/linux-x64@npm:0.21.5"
  conditions: os=linux & cpu=x64
  languageName: node
  linkType: hard

"@esbuild/netbsd-x64@npm:0.21.5":
  version: 0.21.5
  resolution: "@esbuild/netbsd-x64@npm:0.21.5"
  conditions: os=netbsd & cpu=x64
  languageName: node
  linkType: hard

"@esbuild/openbsd-x64@npm:0.21.5":
  version: 0.21.5
  resolution: "@esbuild/openbsd-x64@npm:0.21.5"
  conditions: os=openbsd & cpu=x64
  languageName: node
  linkType: hard

"@esbuild/sunos-x64@npm:0.21.5":
  version: 0.21.5
  resolution: "@esbuild/sunos-x64@npm:0.21.5"
  conditions: os=sunos & cpu=x64
  languageName: node
  linkType: hard

"@esbuild/win32-arm64@npm:0.21.5":
  version: 0.21.5
  resolution: "@esbuild/win32-arm64@npm:0.21.5"
  conditions: os=win32 & cpu=arm64
  languageName: node
  linkType: hard

"@esbuild/win32-ia32@npm:0.21.5":
  version: 0.21.5
  resolution: "@esbuild/win32-ia32@npm:0.21.5"
  conditions: os=win32 & cpu=ia32
  languageName: node
  linkType: hard

"@esbuild/win32-x64@npm:0.21.5":
  version: 0.21.5
  resolution: "@esbuild/win32-x64@npm:0.21.5"
  conditions: os=win32 & cpu=x64
  languageName: node
  linkType: hard

"@jridgewell/gen-mapping@npm:^0.3.5":
  version: 0.3.13
  resolution: "@jridgewell/gen-mapping@npm:0.3.13"
  dependencies:
    "@jridgewell/sourcemap-codec": "npm:^1.5.0"
    "@jridgewell/trace-mapping": "npm:^0.3.24"
  checksum: 10c0/9a7d65fb13bd9aec1fbab74cda08496839b7e2ceb31f5ab922b323e94d7c481ce0fc4fd7e12e2610915ed8af51178bdc61e168e92a8c8b8303b030b03489b13b
  languageName: node
  linkType: hard

"@jridgewell/remapping@npm:^2.3.4":
  version: 2.3.5
  resolution: "@jridgewell/remapping@npm:2.3.5"
  dependencies:
    "@jridgewell/gen-mapping": "npm:^0.3.5"
    "@jridgewell/trace-mapping": "npm:^0.3.24"
  checksum: 10c0/3de494219ffeb2c5c38711d0d7bb128097edf91893090a2dbc8ee0b55d092bb7347b1fd0f478486c5eab010e855c73927b1666f2107516d472d24a73017d1194
  languageName: node
  linkType: hard

"@jridgewell/resolve-uri@npm:^3.1.0":
  version: 3.1.2
  resolution: "@jridgewell/resolve-uri@npm:3.1.2"
  checksum: 10c0/d502e6fb516b35032331406d4e962c21fe77cdf1cbdb49c6142bcbd9e30507094b18972778a6e27cbad756209cfe34b1a27729e6fa08a2eb92b33943f680cf1e
  languageName: node
  linkType: hard

"@jridgewell/sourcemap-codec@npm:^1.4.14, @jridgewell/sourcemap-codec@npm:^1.5.0, @jridgewell/sourcemap-codec@npm:^1.5.5":
  version: 1.5.5
  resolution: "@jridgewell/sourcemap-codec@npm:1.5.5"
  checksum: 10c0/f9e538f302b63c0ebc06eecb1dd9918dd4289ed36147a0ddce35d6ea4d7ebbda243cda7b2213b6a5e1d8087a298d5cf630fb2bd39329cdecb82017023f6081a0
  languageName: node
  linkType: hard

"@jridgewell/trace-mapping@npm:^0.3.24":
  version: 0.3.31
  resolution: "@jridgewell/trace-mapping@npm:0.3.31"
  dependencies:
    "@jridgewell/resolve-uri": "npm:^3.1.0"
    "@jridgewell/sourcemap-codec": "npm:^1.4.14"
  checksum: 10c0/4b30ec8cd56c5fd9a661f088230af01e0c1a3888d11ffb6b47639700f71225be21d1f7e168048d6d4f9449207b978a235c07c8f15c07705685d16dc06280e9d9
  languageName: node
  linkType: hard

"@napi-rs/wasm-runtime@npm:^1.1.0":
  version: 1.1.1
  resolution: "@napi-rs/wasm-runtime@npm:1.1.1"
  dependencies:
    "@emnapi/core": "npm:^1.7.1"
    "@emnapi/runtime": "npm:^1.7.1"
    "@tybys/wasm-util": "npm:^0.10.1"
  checksum: 10c0/04d57b67e80736e41fe44674a011878db0a8ad893f4d44abb9d3608debb7c174224cba2796ed5b0c1d367368159f3ca6be45f1c59222f70e32ddc880f803d447
  languageName: node
  linkType: hard

"@pedrobslisboa/react-client@npm:^19.1.0":
  version: 19.1.0
  resolution: "@pedrobslisboa/react-client@npm:19.1.0"
  peerDependencies:
    react: ^19.0.0
  checksum: 10c0/1acb06f7960133873c416e69c8a24080fff09ed6d115156b3f2b1972f36e519fc076c1989d9ff28314a5200f986daa45aedc1e608e4a438ef73dd617e31632f0
  languageName: node
  linkType: hard

"@tailwindcss/node@npm:4.1.18":
  version: 4.1.18
  resolution: "@tailwindcss/node@npm:4.1.18"
  dependencies:
    "@jridgewell/remapping": "npm:^2.3.4"
    enhanced-resolve: "npm:^5.18.3"
    jiti: "npm:^2.6.1"
    lightningcss: "npm:1.30.2"
    magic-string: "npm:^0.30.21"
    source-map-js: "npm:^1.2.1"
    tailwindcss: "npm:4.1.18"
  checksum: 10c0/0527f4cb602a80413a7f135edc9a9c785edd543cceedd046ed2401d4c35c1ec433d5162c325d31ee7248f3560a709dafe30a50c1406662f28a2b3aaeb21f69fe
  languageName: node
  linkType: hard

"@tailwindcss/oxide-android-arm64@npm:4.1.18":
  version: 4.1.18
  resolution: "@tailwindcss/oxide-android-arm64@npm:4.1.18"
  conditions: os=android & cpu=arm64
  languageName: node
  linkType: hard

"@tailwindcss/oxide-darwin-arm64@npm:4.1.18":
  version: 4.1.18
  resolution: "@tailwindcss/oxide-darwin-arm64@npm:4.1.18"
  conditions: os=darwin & cpu=arm64
  languageName: node
  linkType: hard

"@tailwindcss/oxide-darwin-x64@npm:4.1.18":
  version: 4.1.18
  resolution: "@tailwindcss/oxide-darwin-x64@npm:4.1.18"
  conditions: os=darwin & cpu=x64
  languageName: node
  linkType: hard

"@tailwindcss/oxide-freebsd-x64@npm:4.1.18":
  version: 4.1.18
  resolution: "@tailwindcss/oxide-freebsd-x64@npm:4.1.18"
  conditions: os=freebsd & cpu=x64
  languageName: node
  linkType: hard

"@tailwindcss/oxide-linux-arm-gnueabihf@npm:4.1.18":
  version: 4.1.18
  resolution: "@tailwindcss/oxide-linux-arm-gnueabihf@npm:4.1.18"
  conditions: os=linux & cpu=arm
  languageName: node
  linkType: hard

"@tailwindcss/oxide-linux-arm64-gnu@npm:4.1.18":
  version: 4.1.18
  resolution: "@tailwindcss/oxide-linux-arm64-gnu@npm:4.1.18"
  conditions: os=linux & cpu=arm64 & libc=glibc
  languageName: node
  linkType: hard

"@tailwindcss/oxide-linux-arm64-musl@npm:4.1.18":
  version: 4.1.18
  resolution: "@tailwindcss/oxide-linux-arm64-musl@npm:4.1.18"
  conditions: os=linux & cpu=arm64 & libc=musl
  languageName: node
  linkType: hard

"@tailwindcss/oxide-linux-x64-gnu@npm:4.1.18":
  version: 4.1.18
  resolution: "@tailwindcss/oxide-linux-x64-gnu@npm:4.1.18"
  conditions: os=linux & cpu=x64 & libc=glibc
  languageName: node
  linkType: hard

"@tailwindcss/oxide-linux-x64-musl@npm:4.1.18":
  version: 4.1.18
  resolution: "@tailwindcss/oxide-linux-x64-musl@npm:4.1.18"
  conditions: os=linux & cpu=x64 & libc=musl
  languageName: node
  linkType: hard

"@tailwindcss/oxide-wasm32-wasi@npm:4.1.18":
  version: 4.1.18
  resolution: "@tailwindcss/oxide-wasm32-wasi@npm:4.1.18"
  dependencies:
    "@emnapi/core": "npm:^1.7.1"
    "@emnapi/runtime": "npm:^1.7.1"
    "@emnapi/wasi-threads": "npm:^1.1.0"
    "@napi-rs/wasm-runtime": "npm:^1.1.0"
    "@tybys/wasm-util": "npm:^0.10.1"
    tslib: "npm:^2.4.0"
  conditions: cpu=wasm32
  languageName: node
  linkType: hard

"@tailwindcss/oxide-win32-arm64-msvc@npm:4.1.18":
  version: 4.1.18
  resolution: "@tailwindcss/oxide-win32-arm64-msvc@npm:4.1.18"
  conditions: os=win32 & cpu=arm64
  languageName: node
  linkType: hard

"@tailwindcss/oxide-win32-x64-msvc@npm:4.1.18":
  version: 4.1.18
  resolution: "@tailwindcss/oxide-win32-x64-msvc@npm:4.1.18"
  conditions: os=win32 & cpu=x64
  languageName: node
  linkType: hard

"@tailwindcss/oxide@npm:4.1.18":
  version: 4.1.18
  resolution: "@tailwindcss/oxide@npm:4.1.18"
  dependencies:
    "@tailwindcss/oxide-android-arm64": "npm:4.1.18"
    "@tailwindcss/oxide-darwin-arm64": "npm:4.1.18"
    "@tailwindcss/oxide-darwin-x64": "npm:4.1.18"
    "@tailwindcss/oxide-freebsd-x64": "npm:4.1.18"
    "@tailwindcss/oxide-linux-arm-gnueabihf": "npm:4.1.18"
    "@tailwindcss/oxide-linux-arm64-gnu": "npm:4.1.18"
    "@tailwindcss/oxide-linux-arm64-musl": "npm:4.1.18"
    "@tailwindcss/oxide-linux-x64-gnu": "npm:4.1.18"
    "@tailwindcss/oxide-linux-x64-musl": "npm:4.1.18"
    "@tailwindcss/oxide-wasm32-wasi": "npm:4.1.18"
    "@tailwindcss/oxide-win32-arm64-msvc": "npm:4.1.18"
    "@tailwindcss/oxide-win32-x64-msvc": "npm:4.1.18"
  dependenciesMeta:
    "@tailwindcss/oxide-android-arm64":
      optional: true
    "@tailwindcss/oxide-darwin-arm64":
      optional: true
    "@tailwindcss/oxide-darwin-x64":
      optional: true
    "@tailwindcss/oxide-freebsd-x64":
      optional: true
    "@tailwindcss/oxide-linux-arm-gnueabihf":
      optional: true
    "@tailwindcss/oxide-linux-arm64-gnu":
      optional: true
    "@tailwindcss/oxide-linux-arm64-musl":
      optional: true
    "@tailwindcss/oxide-linux-x64-gnu":
      optional: true
    "@tailwindcss/oxide-linux-x64-musl":
      optional: true
    "@tailwindcss/oxide-wasm32-wasi":
      optional: true
    "@tailwindcss/oxide-win32-arm64-msvc":
      optional: true
    "@tailwindcss/oxide-win32-x64-msvc":
      optional: true
  checksum: 10c0/1ff978ef24ffae6369e0468bd8c71d1995a00f1697ac1b8f24e92d2d5505ae23534e6257194e78360c16abbe34fc70de508c86d589917336067a60d755b86fcb
  languageName: node
  linkType: hard

"@tailwindcss/postcss@npm:^4.0.5, @tailwindcss/postcss@npm:^4.1.18":
  version: 4.1.18
  resolution: "@tailwindcss/postcss@npm:4.1.18"
  dependencies:
    "@alloc/quick-lru": "npm:^5.2.0"
    "@tailwindcss/node": "npm:4.1.18"
    "@tailwindcss/oxide": "npm:4.1.18"
    postcss: "npm:^8.4.41"
    tailwindcss: "npm:4.1.18"
  checksum: 10c0/230d29ca8103c77113803bab1ac0209ad5102a8f5228ade5fe3fbc295e185e9d443416ac9802798e054b0c1ca3c5fa00a907b04d24fb8670b6f795a6d0ac1390
  languageName: node
  linkType: hard

"@tybys/wasm-util@npm:^0.10.1":
  version: 0.10.1
  resolution: "@tybys/wasm-util@npm:0.10.1"
  dependencies:
    tslib: "npm:^2.4.0"
  checksum: 10c0/b255094f293794c6d2289300c5fbcafbb5532a3aed3a5ffd2f8dc1828e639b88d75f6a376dd8f94347a44813fd7a7149d8463477a9a49525c8b2dcaa38c2d1e8
  languageName: node
  linkType: hard

"autoprefixer@npm:^10.4.20":
  version: 10.4.23
  resolution: "autoprefixer@npm:10.4.23"
  dependencies:
    browserslist: "npm:^4.28.1"
    caniuse-lite: "npm:^1.0.30001760"
    fraction.js: "npm:^5.3.4"
    picocolors: "npm:^1.1.1"
    postcss-value-parser: "npm:^4.2.0"
  peerDependencies:
    postcss: ^8.1.0
  bin:
    autoprefixer: bin/autoprefixer
  checksum: 10c0/3765c5d0fa3e95fb2ebe9d5a6d4da0156f5d346c7ec9ac0fbf5c97c8139d0ca1e8743bf5dc1b4aa954467be6929fddf8498a3b6202d468d70b5f359f3b6af90f
  languageName: node
  linkType: hard

"baseline-browser-mapping@npm:^2.9.0":
  version: 2.9.15
  resolution: "baseline-browser-mapping@npm:2.9.15"
  bin:
    baseline-browser-mapping: dist/cli.js
  checksum: 10c0/e5c8cb8600fcbed8132f122b737b00b5b3fcf25a119ea5e42476e6d6b2263274ddc5df16d4cffebbcd46974b691008558973b06100508903ea8a382a5edd34ab
  languageName: node
  linkType: hard

"browserslist@npm:^4.28.1":
  version: 4.28.1
  resolution: "browserslist@npm:4.28.1"
  dependencies:
    baseline-browser-mapping: "npm:^2.9.0"
    caniuse-lite: "npm:^1.0.30001759"
    electron-to-chromium: "npm:^1.5.263"
    node-releases: "npm:^2.0.27"
    update-browserslist-db: "npm:^1.2.0"
  bin:
    browserslist: cli.js
  checksum: 10c0/545a5fa9d7234e3777a7177ec1e9134bb2ba60a69e6b95683f6982b1473aad347c77c1264ccf2ac5dea609a9731fbfbda6b85782bdca70f80f86e28a402504bd
  languageName: node
  linkType: hard

"caniuse-lite@npm:^1.0.30001759, caniuse-lite@npm:^1.0.30001760":
  version: 1.0.30001765
  resolution: "caniuse-lite@npm:1.0.30001765"
  checksum: 10c0/2bab28b322ec040dde2b6f56019ffd1e0bbd719111e45f58cb0fb06a783812d8ba8df65755320fd253aa1926dffc7bf0864adc11f6b231ac2b3a5b8221199c29
  languageName: node
  linkType: hard

"client@workspace:.":
  version: 0.0.0-use.local
  resolution: "client@workspace:."
  dependencies:
    "@pedrobslisboa/react-client": "npm:^19.1.0"
    "@tailwindcss/postcss": "npm:^4.1.18"
    esbuild: "npm:^0.21.4"
    esbuild-plugin-tailwindcss: "npm:^2.1.0"
    postcss: "npm:^8.5.6"
    react: "npm:^19.1.0"
    react-dom: "npm:^19.1.0"
    tailwindcss: "npm:^4.1.18"
  languageName: unknown
  linkType: soft

"cssesc@npm:^3.0.0":
  version: 3.0.0
  resolution: "cssesc@npm:3.0.0"
  bin:
    cssesc: bin/cssesc
  checksum: 10c0/6bcfd898662671be15ae7827120472c5667afb3d7429f1f917737f3bf84c4176003228131b643ae74543f17a394446247df090c597bb9a728cce298606ed0aa7
  languageName: node
  linkType: hard

"detect-libc@npm:^2.0.3":
  version: 2.1.2
  resolution: "detect-libc@npm:2.1.2"
  checksum: 10c0/acc675c29a5649fa1fb6e255f993b8ee829e510b6b56b0910666949c80c364738833417d0edb5f90e4e46be17228b0f2b66a010513984e18b15deeeac49369c4
  languageName: node
  linkType: hard

"electron-to-chromium@npm:^1.5.263":
  version: 1.5.267
  resolution: "electron-to-chromium@npm:1.5.267"
  checksum: 10c0/0732bdb891b657f2e43266a3db8cf86fff6cecdcc8d693a92beff214e136cb5c2ee7dc5945ed75fa1db16e16bad0c38695527a020d15f39e79084e0b2e447621
  languageName: node
  linkType: hard

"enhanced-resolve@npm:^5.18.3":
  version: 5.18.4
  resolution: "enhanced-resolve@npm:5.18.4"
  dependencies:
    graceful-fs: "npm:^4.2.4"
    tapable: "npm:^2.2.0"
  checksum: 10c0/8f6d42c8a0787a746c493e724c9de5d091cfe8e3f871f2464e2f78a6c55fa1a3aaba495334f923c8ea3ac23e1472491f79feef6fc0fb46a75169cb447ffbe2dc
  languageName: node
  linkType: hard

"esbuild-plugin-tailwindcss@npm:^2.1.0":
  version: 2.1.0
  resolution: "esbuild-plugin-tailwindcss@npm:2.1.0"
  dependencies:
    "@tailwindcss/postcss": "npm:^4.0.5"
    autoprefixer: "npm:^10.4.20"
    postcss: "npm:^8.5.1"
    postcss-modules: "npm:^6.0.1"
  checksum: 10c0/abaf407696683486cc3f1eed84562129776aa8517079402e2361fab4029c34c0152f78db6c6bbf2877490d40b1e89cb52ca3dfeba4e5968d87686ea116bbf099
  languageName: node
  linkType: hard

"esbuild@npm:^0.21.4":
  version: 0.21.5
  resolution: "esbuild@npm:0.21.5"
  dependencies:
    "@esbuild/aix-ppc64": "npm:0.21.5"
    "@esbuild/android-arm": "npm:0.21.5"
    "@esbuild/android-arm64": "npm:0.21.5"
    "@esbuild/android-x64": "npm:0.21.5"
    "@esbuild/darwin-arm64": "npm:0.21.5"
    "@esbuild/darwin-x64": "npm:0.21.5"
    "@esbuild/freebsd-arm64": "npm:0.21.5"
    "@esbuild/freebsd-x64": "npm:0.21.5"
    "@esbuild/linux-arm": "npm:0.21.5"
    "@esbuild/linux-arm64": "npm:0.21.5"
    "@esbuild/linux-ia32": "npm:0.21.5"
    "@esbuild/linux-loong64": "npm:0.21.5"
    "@esbuild/linux-mips64el": "npm:0.21.5"
    "@esbuild/linux-ppc64": "npm:0.21.5"
    "@esbuild/linux-riscv64": "npm:0.21.5"
    "@esbuild/linux-s390x": "npm:0.21.5"
    "@esbuild/linux-x64": "npm:0.21.5"
    "@esbuild/netbsd-x64": "npm:0.21.5"
    "@esbuild/openbsd-x64": "npm:0.21.5"
    "@esbuild/sunos-x64": "npm:0.21.5"
    "@esbuild/win32-arm64": "npm:0.21.5"
    "@esbuild/win32-ia32": "npm:0.21.5"
    "@esbuild/win32-x64": "npm:0.21.5"
  dependenciesMeta:
    "@esbuild/aix-ppc64":
      optional: true
    "@esbuild/android-arm":
      optional: true
    "@esbuild/android-arm64":
      optional: true
    "@esbuild/android-x64":
      optional: true
    "@esbuild/darwin-arm64":
      optional: true
    "@esbuild/darwin-x64":
      optional: true
    "@esbuild/freebsd-arm64":
      optional: true
    "@esbuild/freebsd-x64":
      optional: true
    "@esbuild/linux-arm":
      optional: true
    "@esbuild/linux-arm64":
      optional: true
    "@esbuild/linux-ia32":
      optional: true
    "@esbuild/linux-loong64":
      optional: true
    "@esbuild/linux-mips64el":
      optional: true
    "@esbuild/linux-ppc64":
      optional: true
    "@esbuild/linux-riscv64":
      optional: true
    "@esbuild/linux-s390x":
      optional: true
    "@esbuild/linux-x64":
      optional: true
    "@esbuild/netbsd-x64":
      optional: true
    "@esbuild/openbsd-x64":
      optional: true
    "@esbuild/sunos-x64":
      optional: true
    "@esbuild/win32-arm64":
      optional: true
    "@esbuild/win32-ia32":
      optional: true
    "@esbuild/win32-x64":
      optional: true
  bin:
    esbuild: bin/esbuild
  checksum: 10c0/fa08508adf683c3f399e8a014a6382a6b65542213431e26206c0720e536b31c09b50798747c2a105a4bbba1d9767b8d3615a74c2f7bf1ddf6d836cd11eb672de
  languageName: node
  linkType: hard

"escalade@npm:^3.2.0":
  version: 3.2.0
  resolution: "escalade@npm:3.2.0"
  checksum: 10c0/ced4dd3a78e15897ed3be74e635110bbf3b08877b0a41be50dcb325ee0e0b5f65fc2d50e9845194d7c4633f327e2e1c6cce00a71b617c5673df0374201d67f65
  languageName: node
  linkType: hard

"fraction.js@npm:^5.3.4":
  version: 5.3.4
  resolution: "fraction.js@npm:5.3.4"
  checksum: 10c0/f90079fe9bfc665e0a07079938e8ff71115bce9462f17b32fc283f163b0540ec34dc33df8ed41bb56f028316b04361b9a9995b9ee9258617f8338e0b05c5f95a
  languageName: node
  linkType: hard

"generic-names@npm:^4.0.0":
  version: 4.0.0
  resolution: "generic-names@npm:4.0.0"
  dependencies:
    loader-utils: "npm:^3.2.0"
  checksum: 10c0/4e2be864535fadceed4e803fefc1df7f85447d9479d51e611a8a43a2c96533422b62c8fae84d9eb10cc21ee3de569a8c29d5ba68978ae930cccc9cb43b9a36d1
  languageName: node
  linkType: hard

"graceful-fs@npm:^4.2.4":
  version: 4.2.11
  resolution: "graceful-fs@npm:4.2.11"
  checksum: 10c0/386d011a553e02bc594ac2ca0bd6d9e4c22d7fa8cfbfc448a6d148c59ea881b092db9dbe3547ae4b88e55f1b01f7c4a2ecc53b310c042793e63aa44cf6c257f2
  languageName: node
  linkType: hard

"icss-utils@npm:^5.0.0, icss-utils@npm:^5.1.0":
  version: 5.1.0
  resolution: "icss-utils@npm:5.1.0"
  peerDependencies:
    postcss: ^8.1.0
  checksum: 10c0/39c92936fabd23169c8611d2b5cc39e39d10b19b0d223352f20a7579f75b39d5f786114a6b8fc62bee8c5fed59ba9e0d38f7219a4db383e324fb3061664b043d
  languageName: node
  linkType: hard

"jiti@npm:^2.6.1":
  version: 2.6.1
  resolution: "jiti@npm:2.6.1"
  bin:
    jiti: lib/jiti-cli.mjs
  checksum: 10c0/79b2e96a8e623f66c1b703b98ec1b8be4500e1d217e09b09e343471bbb9c105381b83edbb979d01cef18318cc45ce6e153571b6c83122170eefa531c64b6789b
  languageName: node
  linkType: hard

"lightningcss-android-arm64@npm:1.30.2":
  version: 1.30.2
  resolution: "lightningcss-android-arm64@npm:1.30.2"
  conditions: os=android & cpu=arm64
  languageName: node
  linkType: hard

"lightningcss-darwin-arm64@npm:1.30.2":
  version: 1.30.2
  resolution: "lightningcss-darwin-arm64@npm:1.30.2"
  conditions: os=darwin & cpu=arm64
  languageName: node
  linkType: hard

"lightningcss-darwin-x64@npm:1.30.2":
  version: 1.30.2
  resolution: "lightningcss-darwin-x64@npm:1.30.2"
  conditions: os=darwin & cpu=x64
  languageName: node
  linkType: hard

"lightningcss-freebsd-x64@npm:1.30.2":
  version: 1.30.2
  resolution: "lightningcss-freebsd-x64@npm:1.30.2"
  conditions: os=freebsd & cpu=x64
  languageName: node
  linkType: hard

"lightningcss-linux-arm-gnueabihf@npm:1.30.2":
  version: 1.30.2
  resolution: "lightningcss-linux-arm-gnueabihf@npm:1.30.2"
  conditions: os=linux & cpu=arm
  languageName: node
  linkType: hard

"lightningcss-linux-arm64-gnu@npm:1.30.2":
  version: 1.30.2
  resolution: "lightningcss-linux-arm64-gnu@npm:1.30.2"
  conditions: os=linux & cpu=arm64 & libc=glibc
  languageName: node
  linkType: hard

"lightningcss-linux-arm64-musl@npm:1.30.2":
  version: 1.30.2
  resolution: "lightningcss-linux-arm64-musl@npm:1.30.2"
  conditions: os=linux & cpu=arm64 & libc=musl
  languageName: node
  linkType: hard

"lightningcss-linux-x64-gnu@npm:1.30.2":
  version: 1.30.2
  resolution: "lightningcss-linux-x64-gnu@npm:1.30.2"
  conditions: os=linux & cpu=x64 & libc=glibc
  languageName: node
  linkType: hard

"lightningcss-linux-x64-musl@npm:1.30.2":
  version: 1.30.2
  resolution: "lightningcss-linux-x64-musl@npm:1.30.2"
  conditions: os=linux & cpu=x64 & libc=musl
  languageName: node
  linkType: hard

"lightningcss-win32-arm64-msvc@npm:1.30.2":
  version: 1.30.2
  resolution: "lightningcss-win32-arm64-msvc@npm:1.30.2"
  conditions: os=win32 & cpu=arm64
  languageName: node
  linkType: hard

"lightningcss-win32-x64-msvc@npm:1.30.2":
  version: 1.30.2
  resolution: "lightningcss-win32-x64-msvc@npm:1.30.2"
  conditions: os=win32 & cpu=x64
  languageName: node
  linkType: hard

"lightningcss@npm:1.30.2":
  version: 1.30.2
  resolution: "lightningcss@npm:1.30.2"
  dependencies:
    detect-libc: "npm:^2.0.3"
    lightningcss-android-arm64: "npm:1.30.2"
    lightningcss-darwin-arm64: "npm:1.30.2"
    lightningcss-darwin-x64: "npm:1.30.2"
    lightningcss-freebsd-x64: "npm:1.30.2"
    lightningcss-linux-arm-gnueabihf: "npm:1.30.2"
    lightningcss-linux-arm64-gnu: "npm:1.30.2"
    lightningcss-linux-arm64-musl: "npm:1.30.2"
    lightningcss-linux-x64-gnu: "npm:1.30.2"
    lightningcss-linux-x64-musl: "npm:1.30.2"
    lightningcss-win32-arm64-msvc: "npm:1.30.2"
    lightningcss-win32-x64-msvc: "npm:1.30.2"
  dependenciesMeta:
    lightningcss-android-arm64:
      optional: true
    lightningcss-darwin-arm64:
      optional: true
    lightningcss-darwin-x64:
      optional: true
    lightningcss-freebsd-x64:
      optional: true
    lightningcss-linux-arm-gnueabihf:
      optional: true
    lightningcss-linux-arm64-gnu:
      optional: true
    lightningcss-linux-arm64-musl:
      optional: true
    lightningcss-linux-x64-gnu:
      optional: true
    lightningcss-linux-x64-musl:
      optional: true
    lightningcss-win32-arm64-msvc:
      optional: true
    lightningcss-win32-x64-msvc:
      optional: true
  checksum: 10c0/5c0c73a33946dab65908d5cd1325df4efa290efb77f940b60f40448b5ab9a87d3ea665ef9bcf00df4209705050ecf2f7ecc649f44d6dfa5905bb50f15717e78d
  languageName: node
  linkType: hard

"loader-utils@npm:^3.2.0":
  version: 3.3.1
  resolution: "loader-utils@npm:3.3.1"
  checksum: 10c0/f2af4eb185ac5bf7e56e1337b666f90744e9f443861ac521b48f093fb9e8347f191c8960b4388a3365147d218913bc23421234e7788db69f385bacfefa0b4758
  languageName: node
  linkType: hard

"lodash.camelcase@npm:^4.3.0":
  version: 4.3.0
  resolution: "lodash.camelcase@npm:4.3.0"
  checksum: 10c0/fcba15d21a458076dd309fce6b1b4bf611d84a0ec252cb92447c948c533ac250b95d2e00955801ebc367e5af5ed288b996d75d37d2035260a937008e14eaf432
  languageName: node
  linkType: hard

"magic-string@npm:^0.30.21":
  version: 0.30.21
  resolution: "magic-string@npm:0.30.21"
  dependencies:
    "@jridgewell/sourcemap-codec": "npm:^1.5.5"
  checksum: 10c0/299378e38f9a270069fc62358522ddfb44e94244baa0d6a8980ab2a9b2490a1d03b236b447eee309e17eb3bddfa482c61259d47960eb018a904f0ded52780c4a
  languageName: node
  linkType: hard

"nanoid@npm:^3.3.11":
  version: 3.3.11
  resolution: "nanoid@npm:3.3.11"
  bin:
    nanoid: bin/nanoid.cjs
  checksum: 10c0/40e7f70b3d15f725ca072dfc4f74e81fcf1fbb02e491cf58ac0c79093adc9b0a73b152bcde57df4b79cd097e13023d7504acb38404a4da7bc1cd8e887b82fe0b
  languageName: node
  linkType: hard

"node-releases@npm:^2.0.27":
  version: 2.0.27
  resolution: "node-releases@npm:2.0.27"
  checksum: 10c0/f1e6583b7833ea81880627748d28a3a7ff5703d5409328c216ae57befbced10ce2c991bea86434e8ec39003bd017f70481e2e5f8c1f7e0a7663241f81d6e00e2
  languageName: node
  linkType: hard

"picocolors@npm:^1.1.1":
  version: 1.1.1
  resolution: "picocolors@npm:1.1.1"
  checksum: 10c0/e2e3e8170ab9d7c7421969adaa7e1b31434f789afb9b3f115f6b96d91945041ac3ceb02e9ec6fe6510ff036bcc0bf91e69a1772edc0b707e12b19c0f2d6bcf58
  languageName: node
  linkType: hard

"postcss-modules-extract-imports@npm:^3.1.0":
  version: 3.1.0
  resolution: "postcss-modules-extract-imports@npm:3.1.0"
  peerDependencies:
    postcss: ^8.1.0
  checksum: 10c0/402084bcab376083c4b1b5111b48ec92974ef86066f366f0b2d5b2ac2b647d561066705ade4db89875a13cb175b33dd6af40d16d32b2ea5eaf8bac63bd2bf219
  languageName: node
  linkType: hard

"postcss-modules-local-by-default@npm:^4.0.5":
  version: 4.2.0
  resolution: "postcss-modules-local-by-default@npm:4.2.0"
  dependencies:
    icss-utils: "npm:^5.0.0"
    postcss-selector-parser: "npm:^7.0.0"
    postcss-value-parser: "npm:^4.1.0"
  peerDependencies:
    postcss: ^8.1.0
  checksum: 10c0/b0b83feb2a4b61f5383979d37f23116c99bc146eba1741ca3cf1acca0e4d0dbf293ac1810a6ab4eccbe1ee76440dd0a9eb2db5b3bba4f99fc1b3ded16baa6358
  languageName: node
  linkType: hard

"postcss-modules-scope@npm:^3.2.0":
  version: 3.2.1
  resolution: "postcss-modules-scope@npm:3.2.1"
  dependencies:
    postcss-selector-parser: "npm:^7.0.0"
  peerDependencies:
    postcss: ^8.1.0
  checksum: 10c0/bd2d81f79e3da0ef6365b8e2c78cc91469d05b58046b4601592cdeef6c4050ed8fe1478ae000a1608042fc7e692cb51fecbd2d9bce3f4eace4d32e883ffca10b
  languageName: node
  linkType: hard

"postcss-modules-values@npm:^4.0.0":
  version: 4.0.0
  resolution: "postcss-modules-values@npm:4.0.0"
  dependencies:
    icss-utils: "npm:^5.0.0"
  peerDependencies:
    postcss: ^8.1.0
  checksum: 10c0/dd18d7631b5619fb9921b198c86847a2a075f32e0c162e0428d2647685e318c487a2566cc8cc669fc2077ef38115cde7a068e321f46fb38be3ad49646b639dbc
  languageName: node
  linkType: hard

"postcss-modules@npm:^6.0.1":
  version: 6.0.1
  resolution: "postcss-modules@npm:6.0.1"
  dependencies:
    generic-names: "npm:^4.0.0"
    icss-utils: "npm:^5.1.0"
    lodash.camelcase: "npm:^4.3.0"
    postcss-modules-extract-imports: "npm:^3.1.0"
    postcss-modules-local-by-default: "npm:^4.0.5"
    postcss-modules-scope: "npm:^3.2.0"
    postcss-modules-values: "npm:^4.0.0"
    string-hash: "npm:^1.1.3"
  peerDependencies:
    postcss: ^8.0.0
  checksum: 10c0/b82230693cb257b69db486df8835626d96632481ec6a8777b51ae7a530a56fa0ed399cbc8c2c777525f31fefab5a2d12ea7331a748fdfddde9f16cf3fff3bc58
  languageName: node
  linkType: hard

"postcss-selector-parser@npm:^7.0.0":
  version: 7.1.1
  resolution: "postcss-selector-parser@npm:7.1.1"
  dependencies:
    cssesc: "npm:^3.0.0"
    util-deprecate: "npm:^1.0.2"
  checksum: 10c0/02d3b1589ddcddceed4b583b098b95a7266dacd5135f041e5d913ebb48e874fd333a36e564cc9a2ec426a464cb18db11cb192ac76247aced5eba8c951bf59507
  languageName: node
  linkType: hard

"postcss-value-parser@npm:^4.1.0, postcss-value-parser@npm:^4.2.0":
  version: 4.2.0
  resolution: "postcss-value-parser@npm:4.2.0"
  checksum: 10c0/f4142a4f56565f77c1831168e04e3effd9ffcc5aebaf0f538eee4b2d465adfd4b85a44257bb48418202a63806a7da7fe9f56c330aebb3cac898e46b4cbf49161
  languageName: node
  linkType: hard

"postcss@npm:^8.4.41, postcss@npm:^8.5.1, postcss@npm:^8.5.6":
  version: 8.5.6
  resolution: "postcss@npm:8.5.6"
  dependencies:
    nanoid: "npm:^3.3.11"
    picocolors: "npm:^1.1.1"
    source-map-js: "npm:^1.2.1"
  checksum: 10c0/5127cc7c91ed7a133a1b7318012d8bfa112da9ef092dddf369ae699a1f10ebbd89b1b9f25f3228795b84585c72aabd5ced5fc11f2ba467eedf7b081a66fad024
  languageName: node
  linkType: hard

"react-dom@npm:^19.1.0":
  version: 19.2.3
  resolution: "react-dom@npm:19.2.3"
  dependencies:
    scheduler: "npm:^0.27.0"
  peerDependencies:
    react: ^19.2.3
  checksum: 10c0/dc43f7ede06f46f3acc16ee83107c925530de9b91d1d0b3824583814746ff4c498ea64fd65cd83aba363205268adff52e2827c582634ae7b15069deaeabc4892
  languageName: node
  linkType: hard

"react@npm:^19.1.0":
  version: 19.2.3
  resolution: "react@npm:19.2.3"
  checksum: 10c0/094220b3ba3a76c1b668f972ace1dd15509b157aead1b40391d1c8e657e720c201d9719537375eff08f5e0514748c0319063392a6f000e31303aafc4471f1436
  languageName: node
  linkType: hard

"scheduler@npm:^0.27.0":
  version: 0.27.0
  resolution: "scheduler@npm:0.27.0"
  checksum: 10c0/4f03048cb05a3c8fddc45813052251eca00688f413a3cee236d984a161da28db28ba71bd11e7a3dd02f7af84ab28d39fb311431d3b3772fed557945beb00c452
  languageName: node
  linkType: hard

"source-map-js@npm:^1.2.1":
  version: 1.2.1
  resolution: "source-map-js@npm:1.2.1"
  checksum: 10c0/7bda1fc4c197e3c6ff17de1b8b2c20e60af81b63a52cb32ec5a5d67a20a7d42651e2cb34ebe93833c5a2a084377e17455854fee3e21e7925c64a51b6a52b0faf
  languageName: node
  linkType: hard

"string-hash@npm:^1.1.3":
  version: 1.1.3
  resolution: "string-hash@npm:1.1.3"
  checksum: 10c0/179725d7706b49fbbc0a4901703a2d8abec244140879afd5a17908497e586a6b07d738f6775450aefd9f8dd729e4a0abd073fbc6fa3bd020b7a1d2369614af88
  languageName: node
  linkType: hard

"tailwindcss@npm:4.1.18, tailwindcss@npm:^4.1.18":
  version: 4.1.18
  resolution: "tailwindcss@npm:4.1.18"
  checksum: 10c0/c79263cea0b2c577859b02f28284caa4eb3844e4d0f563686726ca97817c045c5c395a55bc776daaa351ba9e4aefa9a75bfbb43c22d86f3c573eecc2b87d6bf1
  languageName: node
  linkType: hard

"tapable@npm:^2.2.0":
  version: 2.3.0
  resolution: "tapable@npm:2.3.0"
  checksum: 10c0/cb9d67cc2c6a74dedc812ef3085d9d681edd2c1fa18e4aef57a3c0605fdbe44e6b8ea00bd9ef21bc74dd45314e39d31227aa031ebf2f5e38164df514136f2681
  languageName: node
  linkType: hard

"tslib@npm:^2.4.0":
  version: 2.8.1
  resolution: "tslib@npm:2.8.1"
  checksum: 10c0/9c4759110a19c53f992d9aae23aac5ced636e99887b51b9e61def52611732872ff7668757d4e4c61f19691e36f4da981cd9485e869b4a7408d689f6bf1f14e62
  languageName: node
  linkType: hard

"update-browserslist-db@npm:^1.2.0":
  version: 1.2.3
  resolution: "update-browserslist-db@npm:1.2.3"
  dependencies:
    escalade: "npm:^3.2.0"
    picocolors: "npm:^1.1.1"
  peerDependencies:
    browserslist: ">= 4.21.0"
  bin:
    update-browserslist-db: cli.js
  checksum: 10c0/13a00355ea822388f68af57410ce3255941d5fb9b7c49342c4709a07c9f230bbef7f7499ae0ca7e0de532e79a82cc0c4edbd125f1a323a1845bf914efddf8bec
  languageName: node
  linkType: hard

"util-deprecate@npm:^1.0.2":
  version: 1.0.2
  resolution: "util-deprecate@npm:1.0.2"
  checksum: 10c0/41a5bdd214df2f6c3ecf8622745e4a366c4adced864bc3c833739791aeeeb1838119af7daed4ba36428114b5c67dcda034a79c882e97e43c03e66a4dd7389942
  languageName: node
  linkType: hard
